
Microsoft Visual Studio Solution File, Format Version 12.00
# Visual Studio 15
VisualStudioVersion = 15.0.28307.421
MinimumVisualStudioVersion = 10.0.40219.1
Project("{FAE04EC0-301F-11D3-BF4B-00C04F79EFBC}") = "Estoque", "Estoque\Estoque.csproj", "{B3B84911-432C-4CFB-B22F-769A0FB38A5F}"
EndProject
Global
	GlobalSection(SolutionConfigurationPlatforms) = preSolution
		Debug|Any CPU = Debug|Any CPU
		Release|Any CPU = Release|Any CPU
	EndGlobalSection
	GlobalSection(ProjectConfigurationPlatforms) = postSolution
		{B3B84911-432C-4CFB-B22F-769A0FB38A5F}.Debug|Any CPU.ActiveCfg = Debug|Any CPU
		{B3B84911-432C-4CFB-B22F-769A0FB38A5F}.Debug|Any CPU.Build.0 = Debug|Any CPU
		{B3B84911-432C-4CFB-B22F-769A0FB38A5F}.Release|Any CPU.ActiveCfg = Release|Any CPU
		{B3B84911-432C-4CFB-B22F-769A0FB38A5F}.Release|Any CPU.Build.0 = Release|Any CPU
	EndGlobalSection
	GlobalSection(SolutionProperties) = preSolution
		HideSolutionNode = FALSE
	EndGlobalSection
	GlobalSection(ExtensibilityGlobals) = postSolution
		SolutionGuid = {F55BE301-5CE7-41E5-88BC-D5A571BAB035}
	EndGlobalSection
EndGlobal
